
Microsoft Visual Studio Solution File, Format Version 12.00
# Visual Studio Version 17
VisualStudioVersion = 17.14.36623.8 d17.14
MinimumVisualStudioVersion = 10.0.40219.1
Project("{F184B08F-C81C-45F6-A57F-5ABD9991F28F}") = "PhpFpmMonitor.Tray", "PhpFpmMonitor.Tray\PhpFpmMonitor.Tray.vbproj", "{1A022597-989A-4015-8D7B-A1D099868A92}"
EndProject
Project("{F184B08F-C81C-45F6-A57F-5ABD9991F28F}") = "PhpFpmMonitor.Core", "PhpFpmMonitor.Core\PhpFpmMonitor.Core.vbproj", "{ABFE99F5-4A9A-49F6-B128-35A88AC46C8C}"
EndProject
Project("{F184B08F-C81C-45F6-A57F-5ABD9991F28F}") = "PhpFpmManager.Service", "PhpFpmManager.Service\PhpFpmManager.Service.vbproj", "{B93B206F-096F-4D0E-9828-58E39E1B5E86}"
EndProject
Global
	GlobalSection(SolutionConfigurationPlatforms) = preSolution
		Debug|Any CPU = Debug|Any CPU
		Release|Any CPU = Release|Any CPU
	EndGlobalSection
	GlobalSection(ProjectConfigurationPlatforms) = postSolution
		{1A022597-989A-4015-8D7B-A1D099868A92}.Debug|Any CPU.ActiveCfg = Debug|Any CPU
		{1A022597-989A-4015-8D7B-A1D099868A92}.Debug|Any CPU.Build.0 = Debug|Any CPU
		{1A022597-989A-4015-8D7B-A1D099868A92}.Release|Any CPU.ActiveCfg = Release|Any CPU
		{1A022597-989A-4015-8D7B-A1D099868A92}.Release|Any CPU.Build.0 = Release|Any CPU
		{ABFE99F5-4A9A-49F6-B128-35A88AC46C8C}.Debug|Any CPU.ActiveCfg = Debug|Any CPU
		{ABFE99F5-4A9A-49F6-B128-35A88AC46C8C}.Debug|Any CPU.Build.0 = Debug|Any CPU
		{ABFE99F5-4A9A-49F6-B128-35A88AC46C8C}.Release|Any CPU.ActiveCfg = Release|Any CPU
		{ABFE99F5-4A9A-49F6-B128-35A88AC46C8C}.Release|Any CPU.Build.0 = Release|Any CPU
		{B93B206F-096F-4D0E-9828-58E39E1B5E86}.Debug|Any CPU.ActiveCfg = Debug|Any CPU
		{B93B206F-096F-4D0E-9828-58E39E1B5E86}.Debug|Any CPU.Build.0 = Debug|Any CPU
		{B93B206F-096F-4D0E-9828-58E39E1B5E86}.Release|Any CPU.ActiveCfg = Release|Any CPU
		{B93B206F-096F-4D0E-9828-58E39E1B5E86}.Release|Any CPU.Build.0 = Release|Any CPU
	EndGlobalSection
	GlobalSection(SolutionProperties) = preSolution
		HideSolutionNode = FALSE
	EndGlobalSection
	GlobalSection(ExtensibilityGlobals) = postSolution
		SolutionGuid = {7D6CA5AC-A387-43A6-9335-7EC52F27A651}
	EndGlobalSection
EndGlobal
